
Microsoft Visual Studio Solution File, Format Version 12.00
# Visual Studio Version 16
VisualStudioVersion = 16.0.30413.136
MinimumVisualStudioVersion = 10.0.40219.1
Project("{FAE04EC0-301F-11D3-BF4B-00C04F79EFBC}") = "Cleaner", "Cleaner.csproj", "{A7BD84C4-4976-4673-B3ED-1B0CC854EAA3}"
EndProject
Global
	GlobalSection(SolutionConfigurationPlatforms) = preSolution
		Debug|Any CPU = Debug|Any CPU
		Release|Any CPU = Release|Any CPU
	EndGlobalSection
	GlobalSection(ProjectConfigurationPlatforms) = postSolution
		{A7BD84C4-4976-4673-B3ED-1B0CC854EAA3}.Debug|Any CPU.ActiveCfg = Debug|Any CPU
		{A7BD84C4-4976-4673-B3ED-1B0CC854EAA3}.Debug|Any CPU.Build.0 = Debug|Any CPU
		{A7BD84C4-4976-4673-B3ED-1B0CC854EAA3}.Release|Any CPU.ActiveCfg = Release|Any CPU
		{A7BD84C4-4976-4673-B3ED-1B0CC854EAA3}.Release|Any CPU.Build.0 = Release|Any CPU
	EndGlobalSection
	GlobalSection(SolutionProperties) = preSolution
		HideSolutionNode = FALSE
	EndGlobalSection
	GlobalSection(ExtensibilityGlobals) = postSolution
		SolutionGuid = {DE556B47-6477-41C0-BDE1-77D1E4C54219}
	EndGlobalSection
EndGlobal
