
Microsoft Visual Studio Solution File, Format Version 12.00
# Visual Studio Version 16
VisualStudioVersion = 16.0.29905.134
MinimumVisualStudioVersion = 10.0.40219.1
Project("{FAE04EC0-301F-11D3-BF4B-00C04F79EFBC}") = "PrinterTest", "PrinterTest.csproj", "{CFBB8AF4-DF6E-4417-AD36-54E0F89D763E}"
EndProject
Project("{2150E333-8FDC-42A3-9474-1A3956D46DE8}") = "Solution Items", "Solution Items", "{45F22A91-39E8-40F5-B30A-18DE672B9D61}"
	ProjectSection(SolutionItems) = preProject
		.editorconfig = .editorconfig
	EndProjectSection
EndProject
Global
	GlobalSection(SolutionConfigurationPlatforms) = preSolution
		Debug|Any CPU = Debug|Any CPU
		Release|Any CPU = Release|Any CPU
	EndGlobalSection
	GlobalSection(ProjectConfigurationPlatforms) = postSolution
		{CFBB8AF4-DF6E-4417-AD36-54E0F89D763E}.Debug|Any CPU.ActiveCfg = Debug|Any CPU
		{CFBB8AF4-DF6E-4417-AD36-54E0F89D763E}.Debug|Any CPU.Build.0 = Debug|Any CPU
		{CFBB8AF4-DF6E-4417-AD36-54E0F89D763E}.Release|Any CPU.ActiveCfg = Release|Any CPU
		{CFBB8AF4-DF6E-4417-AD36-54E0F89D763E}.Release|Any CPU.Build.0 = Release|Any CPU
	EndGlobalSection
	GlobalSection(SolutionProperties) = preSolution
		HideSolutionNode = FALSE
	EndGlobalSection
	GlobalSection(ExtensibilityGlobals) = postSolution
		SolutionGuid = {B64B0EB9-EB45-4688-95BC-822BD0B35535}
	EndGlobalSection
EndGlobal
