
Microsoft Visual Studio Solution File, Format Version 12.00
# Visual Studio Version 16
VisualStudioVersion = 16.0.30413.136
MinimumVisualStudioVersion = 10.0.40219.1
Project("{FAE04EC0-301F-11D3-BF4B-00C04F79EFBC}") = "FileJob", "FileJob.csproj", "{E6A26402-38E8-45EF-AC33-5A9BA820C207}"
EndProject
Global
	GlobalSection(SolutionConfigurationPlatforms) = preSolution
		Debug|Any CPU = Debug|Any CPU
		Release|Any CPU = Release|Any CPU
	EndGlobalSection
	GlobalSection(ProjectConfigurationPlatforms) = postSolution
		{E6A26402-38E8-45EF-AC33-5A9BA820C207}.Debug|Any CPU.ActiveCfg = Debug|Any CPU
		{E6A26402-38E8-45EF-AC33-5A9BA820C207}.Debug|Any CPU.Build.0 = Debug|Any CPU
		{E6A26402-38E8-45EF-AC33-5A9BA820C207}.Release|Any CPU.ActiveCfg = Release|Any CPU
		{E6A26402-38E8-45EF-AC33-5A9BA820C207}.Release|Any CPU.Build.0 = Release|Any CPU
	EndGlobalSection
	GlobalSection(SolutionProperties) = preSolution
		HideSolutionNode = FALSE
	EndGlobalSection
	GlobalSection(ExtensibilityGlobals) = postSolution
		SolutionGuid = {ADD04E4B-DF45-4FD5-9482-D40889926019}
	EndGlobalSection
EndGlobal
